
Microsoft Visual Studio Solution File, Format Version 12.00
# Visual Studio Version 17
VisualStudioVersion = 17.4.33213.308
MinimumVisualStudioVersion = 10.0.40219.1
Project("{9A19103F-16F7-4668-BE54-9A1E7A4F7556}") = "FileSystemObserver_Api", "FileSystemObserver_Api.csproj", "{72156E25-B321-4179-ABCD-CC2FD4489259}"
EndProject
Project("{FAE04EC0-301F-11D3-BF4B-00C04F79EFBC}") = "FileSystemObserver_Api_Tests", "..\FileSystemObserver_Api_Tests\FileSystemObserver_Api_Tests.csproj", "{493D1A6D-DC2E-4D9F-A576-131FC2CD03E3}"
EndProject
Global
	GlobalSection(SolutionConfigurationPlatforms) = preSolution
		Debug|Any CPU = Debug|Any CPU
		Release|Any CPU = Release|Any CPU
	EndGlobalSection
	GlobalSection(ProjectConfigurationPlatforms) = postSolution
		{72156E25-B321-4179-ABCD-CC2FD4489259}.Debug|Any CPU.ActiveCfg = Debug|Any CPU
		{72156E25-B321-4179-ABCD-CC2FD4489259}.Debug|Any CPU.Build.0 = Debug|Any CPU
		{72156E25-B321-4179-ABCD-CC2FD4489259}.Release|Any CPU.ActiveCfg = Release|Any CPU
		{72156E25-B321-4179-ABCD-CC2FD4489259}.Release|Any CPU.Build.0 = Release|Any CPU
		{493D1A6D-DC2E-4D9F-A576-131FC2CD03E3}.Debug|Any CPU.ActiveCfg = Debug|Any CPU
		{493D1A6D-DC2E-4D9F-A576-131FC2CD03E3}.Debug|Any CPU.Build.0 = Debug|Any CPU
		{493D1A6D-DC2E-4D9F-A576-131FC2CD03E3}.Release|Any CPU.ActiveCfg = Release|Any CPU
		{493D1A6D-DC2E-4D9F-A576-131FC2CD03E3}.Release|Any CPU.Build.0 = Release|Any CPU
	EndGlobalSection
	GlobalSection(SolutionProperties) = preSolution
		HideSolutionNode = FALSE
	EndGlobalSection
	GlobalSection(ExtensibilityGlobals) = postSolution
		SolutionGuid = {CCFFF7B3-E98A-4BA6-B54B-991A64D252EC}
	EndGlobalSection
EndGlobal
